
Microsoft Visual Studio Solution File, Format Version 12.00
# Visual Studio Version 17
VisualStudioVersion = 17.9.34728.123
MinimumVisualStudioVersion = 10.0.40219.1
Project("{FAE04EC0-301F-11D3-BF4B-00C04F79EFBC}") = "BanHangOnline", "BanHangOnline\BanHangOnline.csproj", "{00BF9A2D-708C-4736-B62A-129BAD59F20F}"
EndProject
Global
	GlobalSection(SolutionConfigurationPlatforms) = preSolution
		Debug|Any CPU = Debug|Any CPU
		Release|Any CPU = Release|Any CPU
	EndGlobalSection
	GlobalSection(ProjectConfigurationPlatforms) = postSolution
		{00BF9A2D-708C-4736-B62A-129BAD59F20F}.Debug|Any CPU.ActiveCfg = Debug|Any CPU
		{00BF9A2D-708C-4736-B62A-129BAD59F20F}.Debug|Any CPU.Build.0 = Debug|Any CPU
		{00BF9A2D-708C-4736-B62A-129BAD59F20F}.Release|Any CPU.ActiveCfg = Release|Any CPU
		{00BF9A2D-708C-4736-B62A-129BAD59F20F}.Release|Any CPU.Build.0 = Release|Any CPU
	EndGlobalSection
	GlobalSection(SolutionProperties) = preSolution
		HideSolutionNode = FALSE
	EndGlobalSection
	GlobalSection(ExtensibilityGlobals) = postSolution
		SolutionGuid = {03A2AD5C-90A6-4688-AD41-E321C87C9383}
	EndGlobalSection
EndGlobal
